
Microsoft Visual Studio Solution File, Format Version 12.00
# Visual Studio Version 17
VisualStudioVersion = 17.11.35208.52
MinimumVisualStudioVersion = 10.0.40219.1
Project("{FAE04EC0-301F-11D3-BF4B-00C04F79EFBC}") = "desainui_vispro", "desainui_vispro\desainui_vispro.csproj", "{B7C4F2B9-B797-4E49-A3F6-40D65F1FD824}"
EndProject
Global
	GlobalSection(SolutionConfigurationPlatforms) = preSolution
		Debug|Any CPU = Debug|Any CPU
		Release|Any CPU = Release|Any CPU
	EndGlobalSection
	GlobalSection(ProjectConfigurationPlatforms) = postSolution
		{B7C4F2B9-B797-4E49-A3F6-40D65F1FD824}.Debug|Any CPU.ActiveCfg = Debug|Any CPU
		{B7C4F2B9-B797-4E49-A3F6-40D65F1FD824}.Debug|Any CPU.Build.0 = Debug|Any CPU
		{B7C4F2B9-B797-4E49-A3F6-40D65F1FD824}.Release|Any CPU.ActiveCfg = Release|Any CPU
		{B7C4F2B9-B797-4E49-A3F6-40D65F1FD824}.Release|Any CPU.Build.0 = Release|Any CPU
	EndGlobalSection
	GlobalSection(SolutionProperties) = preSolution
		HideSolutionNode = FALSE
	EndGlobalSection
	GlobalSection(ExtensibilityGlobals) = postSolution
		SolutionGuid = {39175124-C2C9-4015-ACB1-6ED6DEF61475}
	EndGlobalSection
EndGlobal
